
Microsoft Visual Studio Solution File, Format Version 12.00
# Visual Studio Version 17
VisualStudioVersion = 17.9.34622.214
MinimumVisualStudioVersion = 10.0.40219.1
Project("{9A19103F-16F7-4668-BE54-9A1E7A4F7556}") = "OpenJKLoader", "OpenJKLoader.csproj", "{F925F004-C942-4AD6-8BFA-E98634E38C92}"
EndProject
Global
	GlobalSection(SolutionConfigurationPlatforms) = preSolution
		Debug|Any CPU = Debug|Any CPU
		Release|Any CPU = Release|Any CPU
	EndGlobalSection
	GlobalSection(ProjectConfigurationPlatforms) = postSolution
		{F925F004-C942-4AD6-8BFA-E98634E38C92}.Debug|Any CPU.ActiveCfg = Debug|Any CPU
		{F925F004-C942-4AD6-8BFA-E98634E38C92}.Debug|Any CPU.Build.0 = Debug|Any CPU
		{F925F004-C942-4AD6-8BFA-E98634E38C92}.Release|Any CPU.ActiveCfg = Release|Any CPU
		{F925F004-C942-4AD6-8BFA-E98634E38C92}.Release|Any CPU.Build.0 = Release|Any CPU
	EndGlobalSection
	GlobalSection(SolutionProperties) = preSolution
		HideSolutionNode = FALSE
	EndGlobalSection
	GlobalSection(ExtensibilityGlobals) = postSolution
		SolutionGuid = {8C6BFFE0-259B-4B2C-A28C-15059708EE83}
	EndGlobalSection
EndGlobal
